
Microsoft Visual Studio Solution File, Format Version 12.00
# Visual Studio Version 17
VisualStudioVersion = 17.4.33122.133
MinimumVisualStudioVersion = 10.0.40219.1
Project("{2150E333-8FDC-42A3-9474-1A3956D46DE8}") = "src", "src", "{90DB1ABD-6FB0-48DE-B020-B5A86A5C226B}"
EndProject
Project("{2150E333-8FDC-42A3-9474-1A3956D46DE8}") = "Services", "Services", "{CDD72591-ACD0-4E04-AEE7-6010A11F92EF}"
EndProject
Project("{2150E333-8FDC-42A3-9474-1A3956D46DE8}") = "Order", "Order", "{36AEB17B-E1CE-4B13-9D49-F23DCF8395A6}"
EndProject
Project("{2150E333-8FDC-42A3-9474-1A3956D46DE8}") = "Payment", "Payment", "{B8755642-1360-4FAB-BBDF-052B76EB9940}"
EndProject
Project("{9A19103F-16F7-4668-BE54-9A1E7A4F7556}") = "ApiGateway", "ApiGateway\ApiGateway.csproj", "{BF22B930-4AAB-4B81-937B-2188542F7979}"
EndProject
Project("{9A19103F-16F7-4668-BE54-9A1E7A4F7556}") = "Order.Api", "Services\Order\Order.Api\Order.Api.csproj", "{5E8D34C2-AF0F-4903-9276-E770DC194FD3}"
EndProject
Project("{9A19103F-16F7-4668-BE54-9A1E7A4F7556}") = "Order.Api.Infrastructure", "Services\Order\Order.Api.Infrastructure\Order.Api.Infrastructure.csproj", "{FB98FAA8-C5D6-481A-8892-0822C5249C84}"
EndProject
Project("{9A19103F-16F7-4668-BE54-9A1E7A4F7556}") = "Order.Api.Models", "Services\Order\Order.Api.Models\Order.Api.Models.csproj", "{3E7E2FE2-6CDB-4A62-96EF-D83973D150AB}"
EndProject
Project("{9A19103F-16F7-4668-BE54-9A1E7A4F7556}") = "Order.Api.Service", "Services\Order\Order.Api.Service\Order.Api.Service.csproj", "{3F73087B-9ECD-4915-BD0B-C6CFCFB88845}"
EndProject
Project("{9A19103F-16F7-4668-BE54-9A1E7A4F7556}") = "Payment.Api", "Services\Payment\Payment.Api\Payment.Api.csproj", "{45E3FFAE-DED7-4278-AA20-B06CEC53BC47}"
EndProject
Project("{9A19103F-16F7-4668-BE54-9A1E7A4F7556}") = "Payment.Api.Infrastructure", "Services\Payment\Payment.Api.Infrastructure\Payment.Api.Infrastructure.csproj", "{996A4FA6-25DE-4A71-8230-FAE13B454E2D}"
EndProject
Project("{9A19103F-16F7-4668-BE54-9A1E7A4F7556}") = "Payment.Api.Models", "Services\Payment\Payment.Api.Models\Payment.Api.Models.csproj", "{87F3B07F-9297-4EAF-B85A-08D64DD859BB}"
EndProject
Project("{9A19103F-16F7-4668-BE54-9A1E7A4F7556}") = "Payment.Api.Services", "Services\Payment\Payment.Api.Services\Payment.Api.Services.csproj", "{692400C4-A7E3-4150-9B44-A0F85F857AA5}"
EndProject
Project("{2150E333-8FDC-42A3-9474-1A3956D46DE8}") = "Solution Items", "Solution Items", "{739C3903-F80F-4EBB-95FC-FDDFD21276C1}"
	ProjectSection(SolutionItems) = preProject
		docker-compose.yml = docker-compose.yml
	EndProjectSection
EndProject
Global
	GlobalSection(SolutionConfigurationPlatforms) = preSolution
		Debug|Any CPU = Debug|Any CPU
		Release|Any CPU = Release|Any CPU
	EndGlobalSection
	GlobalSection(ProjectConfigurationPlatforms) = postSolution
		{BF22B930-4AAB-4B81-937B-2188542F7979}.Debug|Any CPU.ActiveCfg = Debug|Any CPU
		{BF22B930-4AAB-4B81-937B-2188542F7979}.Debug|Any CPU.Build.0 = Debug|Any CPU
		{BF22B930-4AAB-4B81-937B-2188542F7979}.Release|Any CPU.ActiveCfg = Release|Any CPU
		{BF22B930-4AAB-4B81-937B-2188542F7979}.Release|Any CPU.Build.0 = Release|Any CPU
		{5E8D34C2-AF0F-4903-9276-E770DC194FD3}.Debug|Any CPU.ActiveCfg = Debug|Any CPU
		{5E8D34C2-AF0F-4903-9276-E770DC194FD3}.Debug|Any CPU.Build.0 = Debug|Any CPU
		{5E8D34C2-AF0F-4903-9276-E770DC194FD3}.Release|Any CPU.ActiveCfg = Release|Any CPU
		{5E8D34C2-AF0F-4903-9276-E770DC194FD3}.Release|Any CPU.Build.0 = Release|Any CPU
		{FB98FAA8-C5D6-481A-8892-0822C5249C84}.Debug|Any CPU.ActiveCfg = Debug|Any CPU
		{FB98FAA8-C5D6-481A-8892-0822C5249C84}.Debug|Any CPU.Build.0 = Debug|Any CPU
		{FB98FAA8-C5D6-481A-8892-0822C5249C84}.Release|Any CPU.ActiveCfg = Release|Any CPU
		{FB98FAA8-C5D6-481A-8892-0822C5249C84}.Release|Any CPU.Build.0 = Release|Any CPU
		{3E7E2FE2-6CDB-4A62-96EF-D83973D150AB}.Debug|Any CPU.ActiveCfg = Debug|Any CPU
		{3E7E2FE2-6CDB-4A62-96EF-D83973D150AB}.Debug|Any CPU.Build.0 = Debug|Any CPU
		{3E7E2FE2-6CDB-4A62-96EF-D83973D150AB}.Release|Any CPU.ActiveCfg = Release|Any CPU
		{3E7E2FE2-6CDB-4A62-96EF-D83973D150AB}.Release|Any CPU.Build.0 = Release|Any CPU
		{3F73087B-9ECD-4915-BD0B-C6CFCFB88845}.Debug|Any CPU.ActiveCfg = Debug|Any CPU
		{3F73087B-9ECD-4915-BD0B-C6CFCFB88845}.Debug|Any CPU.Build.0 = Debug|Any CPU
		{3F73087B-9ECD-4915-BD0B-C6CFCFB88845}.Release|Any CPU.ActiveCfg = Release|Any CPU
		{3F73087B-9ECD-4915-BD0B-C6CFCFB88845}.Release|Any CPU.Build.0 = Release|Any CPU
		{45E3FFAE-DED7-4278-AA20-B06CEC53BC47}.Debug|Any CPU.ActiveCfg = Debug|Any CPU
		{45E3FFAE-DED7-4278-AA20-B06CEC53BC47}.Debug|Any CPU.Build.0 = Debug|Any CPU
		{45E3FFAE-DED7-4278-AA20-B06CEC53BC47}.Release|Any CPU.ActiveCfg = Release|Any CPU
		{45E3FFAE-DED7-4278-AA20-B06CEC53BC47}.Release|Any CPU.Build.0 = Release|Any CPU
		{996A4FA6-25DE-4A71-8230-FAE13B454E2D}.Debug|Any CPU.ActiveCfg = Debug|Any CPU
		{996A4FA6-25DE-4A71-8230-FAE13B454E2D}.Debug|Any CPU.Build.0 = Debug|Any CPU
		{996A4FA6-25DE-4A71-8230-FAE13B454E2D}.Release|Any CPU.ActiveCfg = Release|Any CPU
		{996A4FA6-25DE-4A71-8230-FAE13B454E2D}.Release|Any CPU.Build.0 = Release|Any CPU
		{87F3B07F-9297-4EAF-B85A-08D64DD859BB}.Debug|Any CPU.ActiveCfg = Debug|Any CPU
		{87F3B07F-9297-4EAF-B85A-08D64DD859BB}.Debug|Any CPU.Build.0 = Debug|Any CPU
		{87F3B07F-9297-4EAF-B85A-08D64DD859BB}.Release|Any CPU.ActiveCfg = Release|Any CPU
		{87F3B07F-9297-4EAF-B85A-08D64DD859BB}.Release|Any CPU.Build.0 = Release|Any CPU
		{692400C4-A7E3-4150-9B44-A0F85F857AA5}.Debug|Any CPU.ActiveCfg = Debug|Any CPU
		{692400C4-A7E3-4150-9B44-A0F85F857AA5}.Debug|Any CPU.Build.0 = Debug|Any CPU
		{692400C4-A7E3-4150-9B44-A0F85F857AA5}.Release|Any CPU.ActiveCfg = Release|Any CPU
		{692400C4-A7E3-4150-9B44-A0F85F857AA5}.Release|Any CPU.Build.0 = Release|Any CPU
	EndGlobalSection
	GlobalSection(SolutionProperties) = preSolution
		HideSolutionNode = FALSE
	EndGlobalSection
	GlobalSection(NestedProjects) = preSolution
		{CDD72591-ACD0-4E04-AEE7-6010A11F92EF} = {90DB1ABD-6FB0-48DE-B020-B5A86A5C226B}
		{36AEB17B-E1CE-4B13-9D49-F23DCF8395A6} = {CDD72591-ACD0-4E04-AEE7-6010A11F92EF}
		{B8755642-1360-4FAB-BBDF-052B76EB9940} = {CDD72591-ACD0-4E04-AEE7-6010A11F92EF}
		{BF22B930-4AAB-4B81-937B-2188542F7979} = {90DB1ABD-6FB0-48DE-B020-B5A86A5C226B}
		{5E8D34C2-AF0F-4903-9276-E770DC194FD3} = {36AEB17B-E1CE-4B13-9D49-F23DCF8395A6}
		{FB98FAA8-C5D6-481A-8892-0822C5249C84} = {36AEB17B-E1CE-4B13-9D49-F23DCF8395A6}
		{3E7E2FE2-6CDB-4A62-96EF-D83973D150AB} = {36AEB17B-E1CE-4B13-9D49-F23DCF8395A6}
		{3F73087B-9ECD-4915-BD0B-C6CFCFB88845} = {36AEB17B-E1CE-4B13-9D49-F23DCF8395A6}
		{45E3FFAE-DED7-4278-AA20-B06CEC53BC47} = {B8755642-1360-4FAB-BBDF-052B76EB9940}
		{996A4FA6-25DE-4A71-8230-FAE13B454E2D} = {B8755642-1360-4FAB-BBDF-052B76EB9940}
		{87F3B07F-9297-4EAF-B85A-08D64DD859BB} = {B8755642-1360-4FAB-BBDF-052B76EB9940}
		{692400C4-A7E3-4150-9B44-A0F85F857AA5} = {B8755642-1360-4FAB-BBDF-052B76EB9940}
	EndGlobalSection
	GlobalSection(ExtensibilityGlobals) = postSolution
		SolutionGuid = {326FAD2E-BD35-425B-8706-972A44C68659}
	EndGlobalSection
EndGlobal
